
Microsoft Visual Studio Solution File, Format Version 12.00
# Visual Studio 15
VisualStudioVersion = 15.0.26124.0
MinimumVisualStudioVersion = 15.0.26124.0
Project("{FAE04EC0-301F-11D3-BF4B-00C04F79EFBC}") = "backend", "backend.csproj", "{DA388DE3-3435-42B8-BB68-84B890ED9B82}"
EndProject
Project("{FAE04EC0-301F-11D3-BF4B-00C04F79EFBC}") = "PizzaVotes.Tests", "PizzaVotes.Tests\PizzaVotes.Tests.csproj", "{56811FC5-A61F-4072-A265-135EBD46473F}"
EndProject
Global
	GlobalSection(SolutionConfigurationPlatforms) = preSolution
		Debug|Any CPU = Debug|Any CPU
		Debug|x64 = Debug|x64
		Debug|x86 = Debug|x86
		Release|Any CPU = Release|Any CPU
		Release|x64 = Release|x64
		Release|x86 = Release|x86
	EndGlobalSection
	GlobalSection(SolutionProperties) = preSolution
		HideSolutionNode = FALSE
	EndGlobalSection
	GlobalSection(ProjectConfigurationPlatforms) = postSolution
		{DA388DE3-3435-42B8-BB68-84B890ED9B82}.Debug|Any CPU.ActiveCfg = Debug|Any CPU
		{DA388DE3-3435-42B8-BB68-84B890ED9B82}.Debug|Any CPU.Build.0 = Debug|Any CPU
		{DA388DE3-3435-42B8-BB68-84B890ED9B82}.Debug|x64.ActiveCfg = Debug|Any CPU
		{DA388DE3-3435-42B8-BB68-84B890ED9B82}.Debug|x64.Build.0 = Debug|Any CPU
		{DA388DE3-3435-42B8-BB68-84B890ED9B82}.Debug|x86.ActiveCfg = Debug|Any CPU
		{DA388DE3-3435-42B8-BB68-84B890ED9B82}.Debug|x86.Build.0 = Debug|Any CPU
		{DA388DE3-3435-42B8-BB68-84B890ED9B82}.Release|Any CPU.ActiveCfg = Release|Any CPU
		{DA388DE3-3435-42B8-BB68-84B890ED9B82}.Release|Any CPU.Build.0 = Release|Any CPU
		{DA388DE3-3435-42B8-BB68-84B890ED9B82}.Release|x64.ActiveCfg = Release|Any CPU
		{DA388DE3-3435-42B8-BB68-84B890ED9B82}.Release|x64.Build.0 = Release|Any CPU
		{DA388DE3-3435-42B8-BB68-84B890ED9B82}.Release|x86.ActiveCfg = Release|Any CPU
		{DA388DE3-3435-42B8-BB68-84B890ED9B82}.Release|x86.Build.0 = Release|Any CPU
		{56811FC5-A61F-4072-A265-135EBD46473F}.Debug|Any CPU.ActiveCfg = Debug|Any CPU
		{56811FC5-A61F-4072-A265-135EBD46473F}.Debug|Any CPU.Build.0 = Debug|Any CPU
		{56811FC5-A61F-4072-A265-135EBD46473F}.Debug|x64.ActiveCfg = Debug|Any CPU
		{56811FC5-A61F-4072-A265-135EBD46473F}.Debug|x64.Build.0 = Debug|Any CPU
		{56811FC5-A61F-4072-A265-135EBD46473F}.Debug|x86.ActiveCfg = Debug|Any CPU
		{56811FC5-A61F-4072-A265-135EBD46473F}.Debug|x86.Build.0 = Debug|Any CPU
		{56811FC5-A61F-4072-A265-135EBD46473F}.Release|Any CPU.ActiveCfg = Release|Any CPU
		{56811FC5-A61F-4072-A265-135EBD46473F}.Release|Any CPU.Build.0 = Release|Any CPU
		{56811FC5-A61F-4072-A265-135EBD46473F}.Release|x64.ActiveCfg = Release|Any CPU
		{56811FC5-A61F-4072-A265-135EBD46473F}.Release|x64.Build.0 = Release|Any CPU
		{56811FC5-A61F-4072-A265-135EBD46473F}.Release|x86.ActiveCfg = Release|Any CPU
		{56811FC5-A61F-4072-A265-135EBD46473F}.Release|x86.Build.0 = Release|Any CPU
	EndGlobalSection
EndGlobal
